
Microsoft Visual Studio Solution File, Format Version 12.00
# Visual Studio 15
VisualStudioVersion = 15.0.27428.2011
MinimumVisualStudioVersion = 10.0.40219.1
Project("{FAE04EC0-301F-11D3-BF4B-00C04F79EFBC}") = "Bib", "Bib\Bib.csproj", "{19EFA7B6-4607-4E56-9824-A1B645167B66}"
EndProject
Project("{2150E333-8FDC-42A3-9474-1A3956D46DE8}") = "Solution Items", "Solution Items", "{B8B96C60-80E8-4700-BB93-0B0EB4B37887}"
	ProjectSection(SolutionItems) = preProject
		..\..\..\Desktop\nub2.jpg = ..\..\..\Desktop\nub2.jpg
	EndProjectSection
EndProject
Global
	GlobalSection(SolutionConfigurationPlatforms) = preSolution
		Debug|Any CPU = Debug|Any CPU
		Release|Any CPU = Release|Any CPU
	EndGlobalSection
	GlobalSection(ProjectConfigurationPlatforms) = postSolution
		{19EFA7B6-4607-4E56-9824-A1B645167B66}.Debug|Any CPU.ActiveCfg = Debug|Any CPU
		{19EFA7B6-4607-4E56-9824-A1B645167B66}.Debug|Any CPU.Build.0 = Debug|Any CPU
		{19EFA7B6-4607-4E56-9824-A1B645167B66}.Release|Any CPU.ActiveCfg = Release|Any CPU
		{19EFA7B6-4607-4E56-9824-A1B645167B66}.Release|Any CPU.Build.0 = Release|Any CPU
	EndGlobalSection
	GlobalSection(SolutionProperties) = preSolution
		HideSolutionNode = FALSE
	EndGlobalSection
	GlobalSection(ExtensibilityGlobals) = postSolution
		SolutionGuid = {5B1403D2-8B7F-4FAD-AC7C-903C89F1A73B}
	EndGlobalSection
EndGlobal
